{
  "version": 4,
  "terraform_version": "1.1.9",
  "serial": 529,
  "lineage": "04e5d1dd-6b68-b3a5-42a1-568971f63589",
  "outputs": {},
  "resources": [
    {
      "mode": "data",
      "type": "yandex_compute_image",
      "name": "image-nat",
      "provider": "provider[\"registry.terraform.io/yandex-cloud/yandex\"]",
      "instances": [
        {
          "schema_version": 0,
          "attributes": {
            "created_at": "2022-10-17T10:49:10Z",
            "description": "nat-instance-ubuntu",
            "family": "nat-instance-ubuntu",
            "folder_id": "standard-images",
            "id": "fd8tim6r7u5dqa0q5pq5",
            "image_id": "fd8tim6r7u5dqa0q5pq5",
            "labels": {},
            "min_disk_size": 3,
            "name": "nat-instance-ubuntu-18-04-lts-v20221017",
            "os_type": "linux",
            "pooled": true,
            "product_ids": [
              "f2e3uourdkp1cc3ong73",
              "f2e82m62kd032hrqpvkk"
            ],
            "size": 2,
            "status": "ready"
          },
          "sensitive_attributes": []
        }
      ]
    },
    {
      "mode": "managed",
      "type": "local_file",
      "name": "inventory",
      "provider": "provider[\"registry.terraform.io/hashicorp/local\"]",
      "instances": [
        {
          "schema_version": 0,
          "attributes": {
            "content": "# Ansible inventory containing variable values from Terraform.\n# Generated by Terraform.\n[db-all:children]\ndb-master\ndb-slave\n\n[nginx]\nnginx ansible_host=51.250.2.36\n\n[nginx]\napp ansible_host=proxy\n[app:vars]\nansible_ssh_common_args='-o UserKnownHostsFile=/dev/null -o ControlMaster=auto -o ControlPersist=10m -o ProxyCommand=\"ssh -W %h:%p -q ubuntu@51.250.2.36\"'\n    \n[db-master]\napp ansible_host=db01\n[db-master:vars]\nansible_ssh_common_args='-o UserKnownHostsFile=/dev/null -o ControlMaster=auto -o ControlPersist=10m -o ProxyCommand=\"ssh -W %h:%p -q ubuntu@51.250.2.36\"'\n    \n[db-slave]\napp ansible_host=db02\n[db-slave:vars]\nansible_ssh_common_args='-o UserKnownHostsFile=/dev/null -o ControlMaster=auto -o ControlPersist=10m -o ProxyCommand=\"ssh -W %h:%p -q ubuntu@51.250.2.36\"'\n    \n[gitlab]\napp ansible_host=gitlab\n[app:vars]\nansible_ssh_common_args='-o UserKnownHostsFile=/dev/null -o ControlMaster=auto -o ControlPersist=10m -o ProxyCommand=\"ssh -W %h:%p -q ubuntu@51.250.2.36\"'\n    \n[runner]\napp ansible_host=runner\n[app:vars]\nansible_ssh_common_args='-o UserKnownHostsFile=/dev/null -o ControlMaster=auto -o ControlPersist=10m -o ProxyCommand=\"ssh -W %h:%p -q ubuntu@51.250.2.36\"'\n    \n[app]\napp ansible_host=app\n[app:vars]\nansible_ssh_common_args='-o UserKnownHostsFile=/dev/null -o ControlMaster=auto -o ControlPersist=10m -o ProxyCommand=\"ssh -W %h:%p -q ubuntu@51.250.2.36\"'\n  \n[monitoring]\napp ansible_host=monitoring\n[app:vars]\nansible_ssh_common_args='-o UserKnownHostsFile=/dev/null -o ControlMaster=auto -o ControlPersist=10m -o ProxyCommand=\"ssh -W %h:%p -q ubuntu@51.250.2.36\"'\n    \n",
            "content_base64": null,
            "directory_permission": "0777",
            "file_permission": "0777",
            "filename": "../ansible/inventory",
            "id": "e5147ae23080171317f597255f3a735912279c03",
            "sensitive_content": null,
            "source": null
          },
          "sensitive_attributes": [],
          "private": "bnVsbA==",
          "dependencies": [
            "data.yandex_compute_image.image-nat",
            "yandex_compute_instance.app",
            "yandex_compute_instance.db01",
            "yandex_compute_instance.db02",
            "yandex_compute_instance.gitlab",
            "yandex_compute_instance.monitoring",
            "yandex_compute_instance.proxy",
            "yandex_compute_instance.runner"
          ]
        }
      ]
    },
    {
      "mode": "managed",
      "type": "yandex_compute_instance",
      "name": "app",
      "provider": "provider[\"registry.terraform.io/yandex-cloud/yandex\"]",
      "instances": [
        {
          "schema_version": 1,
          "attributes": {
            "allow_recreate": null,
            "allow_stopping_for_update": true,
            "boot_disk": [
              {
                "auto_delete": true,
                "device_name": "epdfch776c7maem6tgm0",
                "disk_id": "epdfch776c7maem6tgm0",
                "initialize_params": [
                  {
                    "block_size": 4096,
                    "description": "",
                    "image_id": "fd8kb72eo1r5fs97a1ki",
                    "name": "root-app",
                    "size": 10,
                    "snapshot_id": "",
                    "type": "network-hdd"
                  }
                ],
                "mode": "READ_WRITE"
              }
            ],
            "created_at": "2022-10-23T19:49:25Z",
            "description": "",
            "folder_id": "b1gofhh7mgk1hopmq2j8",
            "fqdn": "app.ru-central1.internal",
            "hostname": "app",
            "id": "epdh4fc9hiisk5t8d7bq",
            "labels": null,
            "local_disk": [],
            "metadata": {
              "ssh-keys": "ubuntu:ssh-rsa AAAAB3NzaC1yc2EAAAADAQABAAABgQC1oNA/HmXGeshxmiwrwY5gZatwOKabRBcUmPoC4zgA8u+vDmmVOnFhR5xTzgMTlO/IHIM76c3AMkaKLk3qH8vfpAHPaLSak+9h2xuL2MgwQd88i8lJ8k2ZHaoq7GyogZivaKM9puUsu1T7ASqdSefUPmLoYkPN+FT1yDyU82fVo3Abo5QEaRqkiDnvve30KdpFCIJBrhSfVhqmMeyz0Q54B02V5D0U3Eq8Yhck2cCOQtpez0CfMAeSgyH95id3H9NTURidQouDGfHMK6rWS+Qddk3Z/yWe7GjtEDXBVOWdLCCv+D4yMhUXLtt1qE7ZTIw9XimECZJ2bq/r9mVdQR0MElLliRA3GqWAkgE/6fHfIFVuY0Volp+uVqv3+9ER3aZvfThfSO66W9f90WBUFHp1yX34BvRqF9yibmTbB600BzAg7tskl+mk38iURR9NuNe4d9azO2dmYG05Hzdzx7BlGGTQCefht7fPgP6q3eANgfxEKYgT2G2QmnBU7AexR5s= step4j@step4j-vm\n"
            },
            "name": "app",
            "network_acceleration_type": "standard",
            "network_interface": [
              {
                "dns_record": [],
                "index": 0,
                "ip_address": "10.129.0.23",
                "ipv4": true,
                "ipv6": false,
                "ipv6_address": "",
                "ipv6_dns_record": [],
                "mac_address": "d0:0d:11:23:d8:98",
                "nat": false,
                "nat_dns_record": [],
                "nat_ip_address": "",
                "nat_ip_version": "",
                "security_group_ids": [],
                "subnet_id": "e2lqccjaoi796nr0l623"
              }
            ],
            "placement_policy": [
              {
                "host_affinity_rules": [],
                "placement_group_id": ""
              }
            ],
            "platform_id": "standard-v1",
            "resources": [
              {
                "core_fraction": 100,
                "cores": 4,
                "gpus": 0,
                "memory": 4
              }
            ],
            "scheduling_policy": [
              {
                "preemptible": false
              }
            ],
            "secondary_disk": [],
            "service_account_id": "",
            "status": "running",
            "timeouts": null,
            "zone": "ru-central1-b"
          },
          "sensitive_attributes": [],
          "private": "eyJlMmJmYjczMC1lY2FhLTExZTYtOGY4OC0zNDM2M2JjN2M0YzAiOnsiY3JlYXRlIjozMDAwMDAwMDAwMDAsImRlbGV0ZSI6MzAwMDAwMDAwMDAwLCJ1cGRhdGUiOjMwMDAwMDAwMDAwMH0sInNjaGVtYV92ZXJzaW9uIjoiMSJ9"
        }
      ]
    },
    {
      "mode": "managed",
      "type": "yandex_compute_instance",
      "name": "db01",
      "provider": "provider[\"registry.terraform.io/yandex-cloud/yandex\"]",
      "instances": [
        {
          "schema_version": 1,
          "attributes": {
            "allow_recreate": null,
            "allow_stopping_for_update": true,
            "boot_disk": [
              {
                "auto_delete": true,
                "device_name": "epdbbhp246g56s7lgsgi",
                "disk_id": "epdbbhp246g56s7lgsgi",
                "initialize_params": [
                  {
                    "block_size": 4096,
                    "description": "",
                    "image_id": "fd8kb72eo1r5fs97a1ki",
                    "name": "root-db01",
                    "size": 10,
                    "snapshot_id": "",
                    "type": "network-ssd"
                  }
                ],
                "mode": "READ_WRITE"
              }
            ],
            "created_at": "2022-10-23T19:49:13Z",
            "description": "",
            "folder_id": "b1gofhh7mgk1hopmq2j8",
            "fqdn": "db01.ru-central1.internal",
            "hostname": "db01",
            "id": "epd76jmi0uf9val6k4mu",
            "labels": null,
            "local_disk": [],
            "metadata": {
              "ssh-keys": "ubuntu:ssh-rsa AAAAB3NzaC1yc2EAAAADAQABAAABgQC1oNA/HmXGeshxmiwrwY5gZatwOKabRBcUmPoC4zgA8u+vDmmVOnFhR5xTzgMTlO/IHIM76c3AMkaKLk3qH8vfpAHPaLSak+9h2xuL2MgwQd88i8lJ8k2ZHaoq7GyogZivaKM9puUsu1T7ASqdSefUPmLoYkPN+FT1yDyU82fVo3Abo5QEaRqkiDnvve30KdpFCIJBrhSfVhqmMeyz0Q54B02V5D0U3Eq8Yhck2cCOQtpez0CfMAeSgyH95id3H9NTURidQouDGfHMK6rWS+Qddk3Z/yWe7GjtEDXBVOWdLCCv+D4yMhUXLtt1qE7ZTIw9XimECZJ2bq/r9mVdQR0MElLliRA3GqWAkgE/6fHfIFVuY0Volp+uVqv3+9ER3aZvfThfSO66W9f90WBUFHp1yX34BvRqF9yibmTbB600BzAg7tskl+mk38iURR9NuNe4d9azO2dmYG05Hzdzx7BlGGTQCefht7fPgP6q3eANgfxEKYgT2G2QmnBU7AexR5s= step4j@step4j-vm\n"
            },
            "name": "db01",
            "network_acceleration_type": "standard",
            "network_interface": [
              {
                "dns_record": [],
                "index": 0,
                "ip_address": "10.129.0.14",
                "ipv4": true,
                "ipv6": false,
                "ipv6_address": "",
                "ipv6_dns_record": [],
                "mac_address": "d0:0d:73:4e:d2:07",
                "nat": false,
                "nat_dns_record": [],
                "nat_ip_address": "",
                "nat_ip_version": "",
                "security_group_ids": [],
                "subnet_id": "e2lqccjaoi796nr0l623"
              }
            ],
            "placement_policy": [
              {
                "host_affinity_rules": [],
                "placement_group_id": ""
              }
            ],
            "platform_id": "standard-v1",
            "resources": [
              {
                "core_fraction": 100,
                "cores": 4,
                "gpus": 0,
                "memory": 8
              }
            ],
            "scheduling_policy": [
              {
                "preemptible": false
              }
            ],
            "secondary_disk": [],
            "service_account_id": "",
            "status": "running",
            "timeouts": null,
            "zone": "ru-central1-b"
          },
          "sensitive_attributes": [],
          "private": "eyJlMmJmYjczMC1lY2FhLTExZTYtOGY4OC0zNDM2M2JjN2M0YzAiOnsiY3JlYXRlIjozMDAwMDAwMDAwMDAsImRlbGV0ZSI6MzAwMDAwMDAwMDAwLCJ1cGRhdGUiOjMwMDAwMDAwMDAwMH0sInNjaGVtYV92ZXJzaW9uIjoiMSJ9"
        }
      ]
    },
    {
      "mode": "managed",
      "type": "yandex_compute_instance",
      "name": "db02",
      "provider": "provider[\"registry.terraform.io/yandex-cloud/yandex\"]",
      "instances": [
        {
          "schema_version": 1,
          "attributes": {
            "allow_recreate": null,
            "allow_stopping_for_update": true,
            "boot_disk": [
              {
                "auto_delete": true,
                "device_name": "epdpvf15puk67n42rbtt",
                "disk_id": "epdpvf15puk67n42rbtt",
                "initialize_params": [
                  {
                    "block_size": 4096,
                    "description": "",
                    "image_id": "fd8kb72eo1r5fs97a1ki",
                    "name": "root-db02",
                    "size": 10,
                    "snapshot_id": "",
                    "type": "network-ssd"
                  }
                ],
                "mode": "READ_WRITE"
              }
            ],
            "created_at": "2022-10-23T19:49:37Z",
            "description": "",
            "folder_id": "b1gofhh7mgk1hopmq2j8",
            "fqdn": "db02.ru-central1.internal",
            "hostname": "db02",
            "id": "epdebkgov4us7oqt1khi",
            "labels": null,
            "local_disk": [],
            "metadata": {
              "ssh-keys": "ubuntu:ssh-rsa AAAAB3NzaC1yc2EAAAADAQABAAABgQC1oNA/HmXGeshxmiwrwY5gZatwOKabRBcUmPoC4zgA8u+vDmmVOnFhR5xTzgMTlO/IHIM76c3AMkaKLk3qH8vfpAHPaLSak+9h2xuL2MgwQd88i8lJ8k2ZHaoq7GyogZivaKM9puUsu1T7ASqdSefUPmLoYkPN+FT1yDyU82fVo3Abo5QEaRqkiDnvve30KdpFCIJBrhSfVhqmMeyz0Q54B02V5D0U3Eq8Yhck2cCOQtpez0CfMAeSgyH95id3H9NTURidQouDGfHMK6rWS+Qddk3Z/yWe7GjtEDXBVOWdLCCv+D4yMhUXLtt1qE7ZTIw9XimECZJ2bq/r9mVdQR0MElLliRA3GqWAkgE/6fHfIFVuY0Volp+uVqv3+9ER3aZvfThfSO66W9f90WBUFHp1yX34BvRqF9yibmTbB600BzAg7tskl+mk38iURR9NuNe4d9azO2dmYG05Hzdzx7BlGGTQCefht7fPgP6q3eANgfxEKYgT2G2QmnBU7AexR5s= step4j@step4j-vm\n"
            },
            "name": "db02",
            "network_acceleration_type": "standard",
            "network_interface": [
              {
                "dns_record": [],
                "index": 0,
                "ip_address": "10.129.0.3",
                "ipv4": true,
                "ipv6": false,
                "ipv6_address": "",
                "ipv6_dns_record": [],
                "mac_address": "d0:0d:e5:d2:18:f9",
                "nat": false,
                "nat_dns_record": [],
                "nat_ip_address": "",
                "nat_ip_version": "",
                "security_group_ids": [],
                "subnet_id": "e2lqccjaoi796nr0l623"
              }
            ],
            "placement_policy": [
              {
                "host_affinity_rules": [],
                "placement_group_id": ""
              }
            ],
            "platform_id": "standard-v1",
            "resources": [
              {
                "core_fraction": 100,
                "cores": 4,
                "gpus": 0,
                "memory": 8
              }
            ],
            "scheduling_policy": [
              {
                "preemptible": false
              }
            ],
            "secondary_disk": [],
            "service_account_id": "",
            "status": "running",
            "timeouts": null,
            "zone": "ru-central1-b"
          },
          "sensitive_attributes": [],
          "private": "eyJlMmJmYjczMC1lY2FhLTExZTYtOGY4OC0zNDM2M2JjN2M0YzAiOnsiY3JlYXRlIjozMDAwMDAwMDAwMDAsImRlbGV0ZSI6MzAwMDAwMDAwMDAwLCJ1cGRhdGUiOjMwMDAwMDAwMDAwMH0sInNjaGVtYV92ZXJzaW9uIjoiMSJ9"
        }
      ]
    },
    {
      "mode": "managed",
      "type": "yandex_compute_instance",
      "name": "gitlab",
      "provider": "provider[\"registry.terraform.io/yandex-cloud/yandex\"]",
      "instances": [
        {
          "schema_version": 1,
          "attributes": {
            "allow_recreate": null,
            "allow_stopping_for_update": true,
            "boot_disk": [
              {
                "auto_delete": true,
                "device_name": "epdrrnj0h3fjllf9b1vg",
                "disk_id": "epdrrnj0h3fjllf9b1vg",
                "initialize_params": [
                  {
                    "block_size": 4096,
                    "description": "",
                    "image_id": "fd8kb72eo1r5fs97a1ki",
                    "name": "root-gitlab",
                    "size": 10,
                    "snapshot_id": "",
                    "type": "network-hdd"
                  }
                ],
                "mode": "READ_WRITE"
              }
            ],
            "created_at": "2022-10-23T19:49:29Z",
            "description": "",
            "folder_id": "b1gofhh7mgk1hopmq2j8",
            "fqdn": "gitlab.ru-central1.internal",
            "hostname": "gitlab",
            "id": "epdlivg7q0kgenigj471",
            "labels": null,
            "local_disk": [],
            "metadata": {
              "ssh-keys": "ubuntu:ssh-rsa AAAAB3NzaC1yc2EAAAADAQABAAABgQC1oNA/HmXGeshxmiwrwY5gZatwOKabRBcUmPoC4zgA8u+vDmmVOnFhR5xTzgMTlO/IHIM76c3AMkaKLk3qH8vfpAHPaLSak+9h2xuL2MgwQd88i8lJ8k2ZHaoq7GyogZivaKM9puUsu1T7ASqdSefUPmLoYkPN+FT1yDyU82fVo3Abo5QEaRqkiDnvve30KdpFCIJBrhSfVhqmMeyz0Q54B02V5D0U3Eq8Yhck2cCOQtpez0CfMAeSgyH95id3H9NTURidQouDGfHMK6rWS+Qddk3Z/yWe7GjtEDXBVOWdLCCv+D4yMhUXLtt1qE7ZTIw9XimECZJ2bq/r9mVdQR0MElLliRA3GqWAkgE/6fHfIFVuY0Volp+uVqv3+9ER3aZvfThfSO66W9f90WBUFHp1yX34BvRqF9yibmTbB600BzAg7tskl+mk38iURR9NuNe4d9azO2dmYG05Hzdzx7BlGGTQCefht7fPgP6q3eANgfxEKYgT2G2QmnBU7AexR5s= step4j@step4j-vm\n"
            },
            "name": "gitlab",
            "network_acceleration_type": "standard",
            "network_interface": [
              {
                "dns_record": [],
                "index": 0,
                "ip_address": "10.129.0.20",
                "ipv4": true,
                "ipv6": false,
                "ipv6_address": "",
                "ipv6_dns_record": [],
                "mac_address": "d0:0d:15:97:e0:7d",
                "nat": false,
                "nat_dns_record": [],
                "nat_ip_address": "",
                "nat_ip_version": "",
                "security_group_ids": [],
                "subnet_id": "e2lqccjaoi796nr0l623"
              }
            ],
            "placement_policy": [
              {
                "host_affinity_rules": [],
                "placement_group_id": ""
              }
            ],
            "platform_id": "standard-v1",
            "resources": [
              {
                "core_fraction": 100,
                "cores": 4,
                "gpus": 0,
                "memory": 8
              }
            ],
            "scheduling_policy": [
              {
                "preemptible": false
              }
            ],
            "secondary_disk": [],
            "service_account_id": "",
            "status": "running",
            "timeouts": null,
            "zone": "ru-central1-b"
          },
          "sensitive_attributes": [],
          "private": "eyJlMmJmYjczMC1lY2FhLTExZTYtOGY4OC0zNDM2M2JjN2M0YzAiOnsiY3JlYXRlIjozMDAwMDAwMDAwMDAsImRlbGV0ZSI6MzAwMDAwMDAwMDAwLCJ1cGRhdGUiOjMwMDAwMDAwMDAwMH0sInNjaGVtYV92ZXJzaW9uIjoiMSJ9"
        }
      ]
    },
    {
      "mode": "managed",
      "type": "yandex_compute_instance",
      "name": "monitoring",
      "provider": "provider[\"registry.terraform.io/yandex-cloud/yandex\"]",
      "instances": [
        {
          "schema_version": 1,
          "attributes": {
            "allow_recreate": null,
            "allow_stopping_for_update": true,
            "boot_disk": [
              {
                "auto_delete": true,
                "device_name": "epdcskd6jbkkgv7od28c",
                "disk_id": "epdcskd6jbkkgv7od28c",
                "initialize_params": [
                  {
                    "block_size": 4096,
                    "description": "",
                    "image_id": "fd8kb72eo1r5fs97a1ki",
                    "name": "root-mon",
                    "size": 10,
                    "snapshot_id": "",
                    "type": "network-hdd"
                  }
                ],
                "mode": "READ_WRITE"
              }
            ],
            "created_at": "2022-10-23T19:49:25Z",
            "description": "",
            "folder_id": "b1gofhh7mgk1hopmq2j8",
            "fqdn": "monitoring.ru-central1.internal",
            "hostname": "monitoring",
            "id": "epd8aav6a2tlkncbt2p5",
            "labels": null,
            "local_disk": [],
            "metadata": {
              "ssh-keys": "ubuntu:ssh-rsa AAAAB3NzaC1yc2EAAAADAQABAAABgQC1oNA/HmXGeshxmiwrwY5gZatwOKabRBcUmPoC4zgA8u+vDmmVOnFhR5xTzgMTlO/IHIM76c3AMkaKLk3qH8vfpAHPaLSak+9h2xuL2MgwQd88i8lJ8k2ZHaoq7GyogZivaKM9puUsu1T7ASqdSefUPmLoYkPN+FT1yDyU82fVo3Abo5QEaRqkiDnvve30KdpFCIJBrhSfVhqmMeyz0Q54B02V5D0U3Eq8Yhck2cCOQtpez0CfMAeSgyH95id3H9NTURidQouDGfHMK6rWS+Qddk3Z/yWe7GjtEDXBVOWdLCCv+D4yMhUXLtt1qE7ZTIw9XimECZJ2bq/r9mVdQR0MElLliRA3GqWAkgE/6fHfIFVuY0Volp+uVqv3+9ER3aZvfThfSO66W9f90WBUFHp1yX34BvRqF9yibmTbB600BzAg7tskl+mk38iURR9NuNe4d9azO2dmYG05Hzdzx7BlGGTQCefht7fPgP6q3eANgfxEKYgT2G2QmnBU7AexR5s= step4j@step4j-vm\n"
            },
            "name": "monitoring",
            "network_acceleration_type": "standard",
            "network_interface": [
              {
                "dns_record": [],
                "index": 0,
                "ip_address": "10.129.0.16",
                "ipv4": true,
                "ipv6": false,
                "ipv6_address": "",
                "ipv6_dns_record": [],
                "mac_address": "d0:0d:85:2b:e6:50",
                "nat": false,
                "nat_dns_record": [],
                "nat_ip_address": "",
                "nat_ip_version": "",
                "security_group_ids": [],
                "subnet_id": "e2lqccjaoi796nr0l623"
              }
            ],
            "placement_policy": [
              {
                "host_affinity_rules": [],
                "placement_group_id": ""
              }
            ],
            "platform_id": "standard-v1",
            "resources": [
              {
                "core_fraction": 100,
                "cores": 2,
                "gpus": 0,
                "memory": 4
              }
            ],
            "scheduling_policy": [
              {
                "preemptible": false
              }
            ],
            "secondary_disk": [],
            "service_account_id": "",
            "status": "running",
            "timeouts": null,
            "zone": "ru-central1-b"
          },
          "sensitive_attributes": [],
          "private": "eyJlMmJmYjczMC1lY2FhLTExZTYtOGY4OC0zNDM2M2JjN2M0YzAiOnsiY3JlYXRlIjozMDAwMDAwMDAwMDAsImRlbGV0ZSI6MzAwMDAwMDAwMDAwLCJ1cGRhdGUiOjMwMDAwMDAwMDAwMH0sInNjaGVtYV92ZXJzaW9uIjoiMSJ9"
        }
      ]
    },
    {
      "mode": "managed",
      "type": "yandex_compute_instance",
      "name": "proxy",
      "provider": "provider[\"registry.terraform.io/yandex-cloud/yandex\"]",
      "instances": [
        {
          "schema_version": 1,
          "attributes": {
            "allow_recreate": null,
            "allow_stopping_for_update": true,
            "boot_disk": [
              {
                "auto_delete": true,
                "device_name": "fhmg0stocu77k24co3ch",
                "disk_id": "fhmg0stocu77k24co3ch",
                "initialize_params": [
                  {
                    "block_size": 4096,
                    "description": "",
                    "image_id": "fd8tim6r7u5dqa0q5pq5",
                    "name": "root-proxy",
                    "size": 10,
                    "snapshot_id": "",
                    "type": "network-ssd"
                  }
                ],
                "mode": "READ_WRITE"
              }
            ],
            "created_at": "2022-10-23T19:49:31Z",
            "description": "",
            "folder_id": "b1gofhh7mgk1hopmq2j8",
            "fqdn": "proxy.ru-central1.internal",
            "hostname": "proxy",
            "id": "fhmqde6rlbc6n9fpbq6s",
            "labels": null,
            "local_disk": [],
            "metadata": {
              "ssh-keys": "ubuntu:ssh-rsa AAAAB3NzaC1yc2EAAAADAQABAAABgQC1oNA/HmXGeshxmiwrwY5gZatwOKabRBcUmPoC4zgA8u+vDmmVOnFhR5xTzgMTlO/IHIM76c3AMkaKLk3qH8vfpAHPaLSak+9h2xuL2MgwQd88i8lJ8k2ZHaoq7GyogZivaKM9puUsu1T7ASqdSefUPmLoYkPN+FT1yDyU82fVo3Abo5QEaRqkiDnvve30KdpFCIJBrhSfVhqmMeyz0Q54B02V5D0U3Eq8Yhck2cCOQtpez0CfMAeSgyH95id3H9NTURidQouDGfHMK6rWS+Qddk3Z/yWe7GjtEDXBVOWdLCCv+D4yMhUXLtt1qE7ZTIw9XimECZJ2bq/r9mVdQR0MElLliRA3GqWAkgE/6fHfIFVuY0Volp+uVqv3+9ER3aZvfThfSO66W9f90WBUFHp1yX34BvRqF9yibmTbB600BzAg7tskl+mk38iURR9NuNe4d9azO2dmYG05Hzdzx7BlGGTQCefht7fPgP6q3eANgfxEKYgT2G2QmnBU7AexR5s= step4j@step4j-vm\n"
            },
            "name": "proxy",
            "network_acceleration_type": "standard",
            "network_interface": [
              {
                "dns_record": [],
                "index": 0,
                "ip_address": "10.128.0.100",
                "ipv4": true,
                "ipv6": false,
                "ipv6_address": "",
                "ipv6_dns_record": [],
                "mac_address": "d0:0d:1a:6b:8d:ba",
                "nat": true,
                "nat_dns_record": [],
                "nat_ip_address": "51.250.2.36",
                "nat_ip_version": "IPV4",
                "security_group_ids": [],
                "subnet_id": "e9b1ksog3uds76urm4vd"
              }
            ],
            "placement_policy": [
              {
                "host_affinity_rules": [],
                "placement_group_id": ""
              }
            ],
            "platform_id": "standard-v1",
            "resources": [
              {
                "core_fraction": 100,
                "cores": 4,
                "gpus": 0,
                "memory": 4
              }
            ],
            "scheduling_policy": [
              {
                "preemptible": false
              }
            ],
            "secondary_disk": [],
            "service_account_id": "",
            "status": "running",
            "timeouts": null,
            "zone": "ru-central1-a"
          },
          "sensitive_attributes": [],
          "private": "eyJlMmJmYjczMC1lY2FhLTExZTYtOGY4OC0zNDM2M2JjN2M0YzAiOnsiY3JlYXRlIjozMDAwMDAwMDAwMDAsImRlbGV0ZSI6MzAwMDAwMDAwMDAwLCJ1cGRhdGUiOjMwMDAwMDAwMDAwMH0sInNjaGVtYV92ZXJzaW9uIjoiMSJ9",
          "dependencies": [
            "data.yandex_compute_image.image-nat"
          ]
        }
      ]
    },
    {
      "mode": "managed",
      "type": "yandex_compute_instance",
      "name": "runner",
      "provider": "provider[\"registry.terraform.io/yandex-cloud/yandex\"]",
      "instances": [
        {
          "schema_version": 1,
          "attributes": {
            "allow_recreate": null,
            "allow_stopping_for_update": true,
            "boot_disk": [
              {
                "auto_delete": true,
                "device_name": "epd6f6ah0jkp4fupok6v",
                "disk_id": "epd6f6ah0jkp4fupok6v",
                "initialize_params": [
                  {
                    "block_size": 4096,
                    "description": "",
                    "image_id": "fd8kb72eo1r5fs97a1ki",
                    "name": "root-runner",
                    "size": 10,
                    "snapshot_id": "",
                    "type": "network-hdd"
                  }
                ],
                "mode": "READ_WRITE"
              }
            ],
            "created_at": "2022-10-23T17:23:05Z",
            "description": "",
            "folder_id": "b1gofhh7mgk1hopmq2j8",
            "fqdn": "runner.ru-central1.internal",
            "hostname": "runner",
            "id": "epdbdql5ijkuoc1iml22",
            "labels": {},
            "local_disk": [],
            "metadata": {
              "ssh-keys": "ubuntu:ssh-rsa AAAAB3NzaC1yc2EAAAADAQABAAABgQC1oNA/HmXGeshxmiwrwY5gZatwOKabRBcUmPoC4zgA8u+vDmmVOnFhR5xTzgMTlO/IHIM76c3AMkaKLk3qH8vfpAHPaLSak+9h2xuL2MgwQd88i8lJ8k2ZHaoq7GyogZivaKM9puUsu1T7ASqdSefUPmLoYkPN+FT1yDyU82fVo3Abo5QEaRqkiDnvve30KdpFCIJBrhSfVhqmMeyz0Q54B02V5D0U3Eq8Yhck2cCOQtpez0CfMAeSgyH95id3H9NTURidQouDGfHMK6rWS+Qddk3Z/yWe7GjtEDXBVOWdLCCv+D4yMhUXLtt1qE7ZTIw9XimECZJ2bq/r9mVdQR0MElLliRA3GqWAkgE/6fHfIFVuY0Volp+uVqv3+9ER3aZvfThfSO66W9f90WBUFHp1yX34BvRqF9yibmTbB600BzAg7tskl+mk38iURR9NuNe4d9azO2dmYG05Hzdzx7BlGGTQCefht7fPgP6q3eANgfxEKYgT2G2QmnBU7AexR5s= step4j@step4j-vm\n"
            },
            "name": "runner",
            "network_acceleration_type": "standard",
            "network_interface": [
              {
                "dns_record": [],
                "index": 0,
                "ip_address": "10.129.0.13",
                "ipv4": true,
                "ipv6": false,
                "ipv6_address": "",
                "ipv6_dns_record": [],
                "mac_address": "d0:0d:b6:ea:a5:94",
                "nat": false,
                "nat_dns_record": [],
                "nat_ip_address": "",
                "nat_ip_version": "",
                "security_group_ids": [],
                "subnet_id": "e2lqccjaoi796nr0l623"
              }
            ],
            "placement_policy": [
              {
                "host_affinity_rules": [],
                "placement_group_id": ""
              }
            ],
            "platform_id": "standard-v1",
            "resources": [
              {
                "core_fraction": 100,
                "cores": 4,
                "gpus": 0,
                "memory": 4
              }
            ],
            "scheduling_policy": [
              {
                "preemptible": false
              }
            ],
            "secondary_disk": [],
            "service_account_id": "",
            "status": "running",
            "timeouts": null,
            "zone": "ru-central1-b"
          },
          "sensitive_attributes": [],
          "private": "eyJlMmJmYjczMC1lY2FhLTExZTYtOGY4OC0zNDM2M2JjN2M0YzAiOnsiY3JlYXRlIjozMDAwMDAwMDAwMDAsImRlbGV0ZSI6MzAwMDAwMDAwMDAwLCJ1cGRhdGUiOjMwMDAwMDAwMDAwMH0sInNjaGVtYV92ZXJzaW9uIjoiMSJ9"
        }
      ]
    },
    {
      "mode": "managed",
      "type": "yandex_dns_recordset",
      "name": "record-set",
      "provider": "provider[\"registry.terraform.io/yandex-cloud/yandex\"]",
      "instances": [
        {
          "index_key": "",
          "schema_version": 0,
          "attributes": {
            "data": [
              "51.250.2.36"
            ],
            "id": "dns9n72kvhdorahbjmcp/step4j.ru./A",
            "name": "step4j.ru.",
            "timeouts": null,
            "ttl": 30,
            "type": "A",
            "zone_id": "dns9n72kvhdorahbjmcp"
          },
          "sensitive_attributes": [],
          "private": "eyJlMmJmYjczMC1lY2FhLTExZTYtOGY4OC0zNDM2M2JjN2M0YzAiOnsiY3JlYXRlIjozMDAwMDAwMDAwMDAsImRlbGV0ZSI6MzAwMDAwMDAwMDAwLCJ1cGRhdGUiOjMwMDAwMDAwMDAwMH19",
          "dependencies": [
            "data.yandex_compute_image.image-nat",
            "yandex_compute_instance.proxy",
            "yandex_dns_zone.step4j-ru"
          ]
        },
        {
          "index_key": "alertmanager.",
          "schema_version": 0,
          "attributes": {
            "data": [
              "51.250.2.36"
            ],
            "id": "dns9n72kvhdorahbjmcp/alertmanager.step4j.ru./A",
            "name": "alertmanager.step4j.ru.",
            "timeouts": null,
            "ttl": 30,
            "type": "A",
            "zone_id": "dns9n72kvhdorahbjmcp"
          },
          "sensitive_attributes": [],
          "private": "eyJlMmJmYjczMC1lY2FhLTExZTYtOGY4OC0zNDM2M2JjN2M0YzAiOnsiY3JlYXRlIjozMDAwMDAwMDAwMDAsImRlbGV0ZSI6MzAwMDAwMDAwMDAwLCJ1cGRhdGUiOjMwMDAwMDAwMDAwMH19",
          "dependencies": [
            "data.yandex_compute_image.image-nat",
            "yandex_compute_instance.proxy",
            "yandex_dns_zone.step4j-ru"
          ]
        },
        {
          "index_key": "gitlab.",
          "schema_version": 0,
          "attributes": {
            "data": [
              "51.250.2.36"
            ],
            "id": "dns9n72kvhdorahbjmcp/gitlab.step4j.ru./A",
            "name": "gitlab.step4j.ru.",
            "timeouts": null,
            "ttl": 30,
            "type": "A",
            "zone_id": "dns9n72kvhdorahbjmcp"
          },
          "sensitive_attributes": [],
          "private": "eyJlMmJmYjczMC1lY2FhLTExZTYtOGY4OC0zNDM2M2JjN2M0YzAiOnsiY3JlYXRlIjozMDAwMDAwMDAwMDAsImRlbGV0ZSI6MzAwMDAwMDAwMDAwLCJ1cGRhdGUiOjMwMDAwMDAwMDAwMH19",
          "dependencies": [
            "data.yandex_compute_image.image-nat",
            "yandex_compute_instance.proxy",
            "yandex_dns_zone.step4j-ru"
          ]
        },
        {
          "index_key": "grafana.",
          "schema_version": 0,
          "attributes": {
            "data": [
              "51.250.2.36"
            ],
            "id": "dns9n72kvhdorahbjmcp/grafana.step4j.ru./A",
            "name": "grafana.step4j.ru.",
            "timeouts": null,
            "ttl": 30,
            "type": "A",
            "zone_id": "dns9n72kvhdorahbjmcp"
          },
          "sensitive_attributes": [],
          "private": "eyJlMmJmYjczMC1lY2FhLTExZTYtOGY4OC0zNDM2M2JjN2M0YzAiOnsiY3JlYXRlIjozMDAwMDAwMDAwMDAsImRlbGV0ZSI6MzAwMDAwMDAwMDAwLCJ1cGRhdGUiOjMwMDAwMDAwMDAwMH19",
          "dependencies": [
            "data.yandex_compute_image.image-nat",
            "yandex_compute_instance.proxy",
            "yandex_dns_zone.step4j-ru"
          ]
        },
        {
          "index_key": "prometheus.",
          "schema_version": 0,
          "attributes": {
            "data": [
              "51.250.2.36"
            ],
            "id": "dns9n72kvhdorahbjmcp/prometheus.step4j.ru./A",
            "name": "prometheus.step4j.ru.",
            "timeouts": null,
            "ttl": 30,
            "type": "A",
            "zone_id": "dns9n72kvhdorahbjmcp"
          },
          "sensitive_attributes": [],
          "private": "eyJlMmJmYjczMC1lY2FhLTExZTYtOGY4OC0zNDM2M2JjN2M0YzAiOnsiY3JlYXRlIjozMDAwMDAwMDAwMDAsImRlbGV0ZSI6MzAwMDAwMDAwMDAwLCJ1cGRhdGUiOjMwMDAwMDAwMDAwMH19",
          "dependencies": [
            "data.yandex_compute_image.image-nat",
            "yandex_compute_instance.proxy",
            "yandex_dns_zone.step4j-ru"
          ]
        },
        {
          "index_key": "www.",
          "schema_version": 0,
          "attributes": {
            "data": [
              "51.250.2.36"
            ],
            "id": "dns9n72kvhdorahbjmcp/www.step4j.ru./A",
            "name": "www.step4j.ru.",
            "timeouts": null,
            "ttl": 30,
            "type": "A",
            "zone_id": "dns9n72kvhdorahbjmcp"
          },
          "sensitive_attributes": [],
          "private": "eyJlMmJmYjczMC1lY2FhLTExZTYtOGY4OC0zNDM2M2JjN2M0YzAiOnsiY3JlYXRlIjozMDAwMDAwMDAwMDAsImRlbGV0ZSI6MzAwMDAwMDAwMDAwLCJ1cGRhdGUiOjMwMDAwMDAwMDAwMH19",
          "dependencies": [
            "data.yandex_compute_image.image-nat",
            "yandex_compute_instance.proxy",
            "yandex_dns_zone.step4j-ru"
          ]
        }
      ]
    },
    {
      "mode": "managed",
      "type": "yandex_dns_zone",
      "name": "step4j-ru",
      "provider": "provider[\"registry.terraform.io/yandex-cloud/yandex\"]",
      "instances": [
        {
          "schema_version": 0,
          "attributes": {
            "created_at": "2022-10-23T18:35:22Z",
            "description": "",
            "folder_id": "b1gofhh7mgk1hopmq2j8",
            "id": "dns9n72kvhdorahbjmcp",
            "labels": {},
            "name": "step4j-ru",
            "private_networks": [],
            "public": true,
            "timeouts": null,
            "zone": "step4j.ru."
          },
          "sensitive_attributes": [],
          "private": "eyJlMmJmYjczMC1lY2FhLTExZTYtOGY4OC0zNDM2M2JjN2M0YzAiOnsiY3JlYXRlIjozMDAwMDAwMDAwMDAsImRlbGV0ZSI6MzAwMDAwMDAwMDAwLCJ1cGRhdGUiOjMwMDAwMDAwMDAwMH19"
        }
      ]
    }
  ]
}
